
Microsoft Visual Studio Solution File, Format Version 12.00
# Visual Studio Version 17
VisualStudioVersion = 17.4.33213.308
MinimumVisualStudioVersion = 10.0.40219.1
Project("{9A19103F-16F7-4668-BE54-9A1E7A4F7556}") = "RGBE.Boy", "RGBE.Boy\RGBE.Boy.csproj", "{F1FF1956-EEE2-4469-88BC-B82D1D4EBAED}"
EndProject
Project("{FAE04EC0-301F-11D3-BF4B-00C04F79EFBC}") = "RGBE.ConsoleHost", "RGBE.ConsoleHost\RGBE.ConsoleHost.csproj", "{D4888FC1-19E2-44DA-80EB-630ED218CD14}"
EndProject
Global
	GlobalSection(SolutionConfigurationPlatforms) = preSolution
		Debug|Any CPU = Debug|Any CPU
		Release|Any CPU = Release|Any CPU
	EndGlobalSection
	GlobalSection(ProjectConfigurationPlatforms) = postSolution
		{F1FF1956-EEE2-4469-88BC-B82D1D4EBAED}.Debug|Any CPU.ActiveCfg = Debug|Any CPU
		{F1FF1956-EEE2-4469-88BC-B82D1D4EBAED}.Debug|Any CPU.Build.0 = Debug|Any CPU
		{F1FF1956-EEE2-4469-88BC-B82D1D4EBAED}.Release|Any CPU.ActiveCfg = Release|Any CPU
		{F1FF1956-EEE2-4469-88BC-B82D1D4EBAED}.Release|Any CPU.Build.0 = Release|Any CPU
		{D4888FC1-19E2-44DA-80EB-630ED218CD14}.Debug|Any CPU.ActiveCfg = Debug|Any CPU
		{D4888FC1-19E2-44DA-80EB-630ED218CD14}.Debug|Any CPU.Build.0 = Debug|Any CPU
		{D4888FC1-19E2-44DA-80EB-630ED218CD14}.Release|Any CPU.ActiveCfg = Release|Any CPU
		{D4888FC1-19E2-44DA-80EB-630ED218CD14}.Release|Any CPU.Build.0 = Release|Any CPU
	EndGlobalSection
	GlobalSection(SolutionProperties) = preSolution
		HideSolutionNode = FALSE
	EndGlobalSection
	GlobalSection(ExtensibilityGlobals) = postSolution
		SolutionGuid = {E41578F0-C81F-469E-BBC8-35056DE22440}
	EndGlobalSection
EndGlobal
